
Microsoft Visual Studio Solution File, Format Version 12.00
# Visual Studio Version 17
VisualStudioVersion = 17.7.34003.232
MinimumVisualStudioVersion = 10.0.40219.1
Project("{9A19103F-16F7-4668-BE54-9A1E7A4F7556}") = "FirstStepsCSharp", "FirstStepsCSharp\FirstStepsCSharp.csproj", "{72772F41-A924-4D09-B941-B16D8AA56277}"
EndProject
Project("{2150E333-8FDC-42A3-9474-1A3956D46DE8}") = "Clase_1", "Clase_1", "{C35BD7EB-5197-443F-9258-E923702B1671}"
EndProject
Project("{9A19103F-16F7-4668-BE54-9A1E7A4F7556}") = "EstudiantesWebAPI", "Clase_1\EstudiantesWebAPI\EstudiantesWebAPI.csproj", "{72741BBA-D9E1-4C7C-BEE5-475361697B6E}"
EndProject
Project("{9A19103F-16F7-4668-BE54-9A1E7A4F7556}") = "EstudiantesDesktopApp", "Clase_1\EstudiantesDesktopApp\EstudiantesDesktopApp.csproj", "{4B634E3D-E22D-44F7-B784-811FC190693C}"
EndProject
Project("{9A19103F-16F7-4668-BE54-9A1E7A4F7556}") = "Estudiantes.Entities", "Clase_1\Estudiantes.Entities\Estudiantes.Entities.csproj", "{0BD15E6B-2E99-42A1-BA35-523ADDB314EA}"
EndProject
Project("{9A19103F-16F7-4668-BE54-9A1E7A4F7556}") = "Estudiantes.Common", "Clase_1\Estudiantes.Common\Estudiantes.Common.csproj", "{BDEDAC7E-05D3-4048-AF17-EB548A547A42}"
EndProject
Project("{9A19103F-16F7-4668-BE54-9A1E7A4F7556}") = "Estudiantes.Bll", "Clase_1\Estudiantes.Bll\Estudiantes.Bll.csproj", "{E2C8150B-BEC8-4020-AE97-F7E2B2DE7B14}"
EndProject
Project("{9A19103F-16F7-4668-BE54-9A1E7A4F7556}") = "Estudiantes.Dal", "Clase_1\Estudiantes.Dal\Estudiantes.Dal.csproj", "{921DCA52-FAED-47BC-BDF1-415673ACDC05}"
EndProject
Project("{2150E333-8FDC-42A3-9474-1A3956D46DE8}") = "Clase_2", "Clase_2", "{1FE1A75C-67F8-4DAA-A900-5F549142DA92}"
EndProject
Project("{9A19103F-16F7-4668-BE54-9A1E7A4F7556}") = "OpenWeatherMapDemo", "Clase_2\OpenWeatherMapDemo\OpenWeatherMapDemo.csproj", "{C3AA3640-855E-4E1C-BEBF-45602922311F}"
EndProject
Project("{9A19103F-16F7-4668-BE54-9A1E7A4F7556}") = "ClasesObjetosPresentacion", "Clase_2\ClasesObjetosPresentacion\ClasesObjetosPresentacion.csproj", "{AC697A4C-F7D1-4AD3-B591-9B21E8934BAB}"
EndProject
Project("{2150E333-8FDC-42A3-9474-1A3956D46DE8}") = "Clase_3", "Clase_3", "{506A29D9-3CAE-4FC2-BF0A-BD7BFD35CDC5}"
EndProject
Project("{9A19103F-16F7-4668-BE54-9A1E7A4F7556}") = "MetodosConstructoresHerencia", "Clase_3\MetodosConstructores\MetodosConstructoresHerencia.csproj", "{41D29302-B2BE-4909-908E-A4C3A1DB4025}"
EndProject
Project("{2150E333-8FDC-42A3-9474-1A3956D46DE8}") = "Clase_4", "Clase_4", "{C2BC06C7-313E-499D-905B-AE6A2574C4C2}"
EndProject
Project("{9A19103F-16F7-4668-BE54-9A1E7A4F7556}") = "PolimorfismoInterfaces", "PolimorfismoInterfaces\PolimorfismoInterfaces.csproj", "{E935E246-6C67-4C04-B560-5932F23005D2}"
EndProject
Project("{2150E333-8FDC-42A3-9474-1A3956D46DE8}") = "Clase_practica_1", "Clase_practica_1", "{AB16D40F-CADC-42BD-B6DD-098EC3F5AE56}"
EndProject
Project("{FAE04EC0-301F-11D3-BF4B-00C04F79EFBC}") = "ClasePractica1", "ClasePractica1\ClasePractica1.csproj", "{D3803F07-F528-4A42-8F29-D82C5DEC879E}"
EndProject
Global
	GlobalSection(SolutionConfigurationPlatforms) = preSolution
		Debug|Any CPU = Debug|Any CPU
		Release|Any CPU = Release|Any CPU
	EndGlobalSection
	GlobalSection(ProjectConfigurationPlatforms) = postSolution
		{72772F41-A924-4D09-B941-B16D8AA56277}.Debug|Any CPU.ActiveCfg = Debug|Any CPU
		{72772F41-A924-4D09-B941-B16D8AA56277}.Debug|Any CPU.Build.0 = Debug|Any CPU
		{72772F41-A924-4D09-B941-B16D8AA56277}.Release|Any CPU.ActiveCfg = Release|Any CPU
		{72772F41-A924-4D09-B941-B16D8AA56277}.Release|Any CPU.Build.0 = Release|Any CPU
		{72741BBA-D9E1-4C7C-BEE5-475361697B6E}.Debug|Any CPU.ActiveCfg = Debug|Any CPU
		{72741BBA-D9E1-4C7C-BEE5-475361697B6E}.Debug|Any CPU.Build.0 = Debug|Any CPU
		{72741BBA-D9E1-4C7C-BEE5-475361697B6E}.Release|Any CPU.ActiveCfg = Release|Any CPU
		{72741BBA-D9E1-4C7C-BEE5-475361697B6E}.Release|Any CPU.Build.0 = Release|Any CPU
		{4B634E3D-E22D-44F7-B784-811FC190693C}.Debug|Any CPU.ActiveCfg = Debug|Any CPU
		{4B634E3D-E22D-44F7-B784-811FC190693C}.Debug|Any CPU.Build.0 = Debug|Any CPU
		{4B634E3D-E22D-44F7-B784-811FC190693C}.Release|Any CPU.ActiveCfg = Release|Any CPU
		{4B634E3D-E22D-44F7-B784-811FC190693C}.Release|Any CPU.Build.0 = Release|Any CPU
		{0BD15E6B-2E99-42A1-BA35-523ADDB314EA}.Debug|Any CPU.ActiveCfg = Debug|Any CPU
		{0BD15E6B-2E99-42A1-BA35-523ADDB314EA}.Debug|Any CPU.Build.0 = Debug|Any CPU
		{0BD15E6B-2E99-42A1-BA35-523ADDB314EA}.Release|Any CPU.ActiveCfg = Release|Any CPU
		{0BD15E6B-2E99-42A1-BA35-523ADDB314EA}.Release|Any CPU.Build.0 = Release|Any CPU
		{BDEDAC7E-05D3-4048-AF17-EB548A547A42}.Debug|Any CPU.ActiveCfg = Debug|Any CPU
		{BDEDAC7E-05D3-4048-AF17-EB548A547A42}.Debug|Any CPU.Build.0 = Debug|Any CPU
		{BDEDAC7E-05D3-4048-AF17-EB548A547A42}.Release|Any CPU.ActiveCfg = Release|Any CPU
		{BDEDAC7E-05D3-4048-AF17-EB548A547A42}.Release|Any CPU.Build.0 = Release|Any CPU
		{E2C8150B-BEC8-4020-AE97-F7E2B2DE7B14}.Debug|Any CPU.ActiveCfg = Debug|Any CPU
		{E2C8150B-BEC8-4020-AE97-F7E2B2DE7B14}.Debug|Any CPU.Build.0 = Debug|Any CPU
		{E2C8150B-BEC8-4020-AE97-F7E2B2DE7B14}.Release|Any CPU.ActiveCfg = Release|Any CPU
		{E2C8150B-BEC8-4020-AE97-F7E2B2DE7B14}.Release|Any CPU.Build.0 = Release|Any CPU
		{921DCA52-FAED-47BC-BDF1-415673ACDC05}.Debug|Any CPU.ActiveCfg = Debug|Any CPU
		{921DCA52-FAED-47BC-BDF1-415673ACDC05}.Debug|Any CPU.Build.0 = Debug|Any CPU
		{921DCA52-FAED-47BC-BDF1-415673ACDC05}.Release|Any CPU.ActiveCfg = Release|Any CPU
		{921DCA52-FAED-47BC-BDF1-415673ACDC05}.Release|Any CPU.Build.0 = Release|Any CPU
		{C3AA3640-855E-4E1C-BEBF-45602922311F}.Debug|Any CPU.ActiveCfg = Debug|Any CPU
		{C3AA3640-855E-4E1C-BEBF-45602922311F}.Debug|Any CPU.Build.0 = Debug|Any CPU
		{C3AA3640-855E-4E1C-BEBF-45602922311F}.Release|Any CPU.ActiveCfg = Release|Any CPU
		{C3AA3640-855E-4E1C-BEBF-45602922311F}.Release|Any CPU.Build.0 = Release|Any CPU
		{AC697A4C-F7D1-4AD3-B591-9B21E8934BAB}.Debug|Any CPU.ActiveCfg = Debug|Any CPU
		{AC697A4C-F7D1-4AD3-B591-9B21E8934BAB}.Debug|Any CPU.Build.0 = Debug|Any CPU
		{AC697A4C-F7D1-4AD3-B591-9B21E8934BAB}.Release|Any CPU.ActiveCfg = Release|Any CPU
		{AC697A4C-F7D1-4AD3-B591-9B21E8934BAB}.Release|Any CPU.Build.0 = Release|Any CPU
		{41D29302-B2BE-4909-908E-A4C3A1DB4025}.Debug|Any CPU.ActiveCfg = Debug|Any CPU
		{41D29302-B2BE-4909-908E-A4C3A1DB4025}.Debug|Any CPU.Build.0 = Debug|Any CPU
		{41D29302-B2BE-4909-908E-A4C3A1DB4025}.Release|Any CPU.ActiveCfg = Release|Any CPU
		{41D29302-B2BE-4909-908E-A4C3A1DB4025}.Release|Any CPU.Build.0 = Release|Any CPU
		{E935E246-6C67-4C04-B560-5932F23005D2}.Debug|Any CPU.ActiveCfg = Debug|Any CPU
		{E935E246-6C67-4C04-B560-5932F23005D2}.Debug|Any CPU.Build.0 = Debug|Any CPU
		{E935E246-6C67-4C04-B560-5932F23005D2}.Release|Any CPU.ActiveCfg = Release|Any CPU
		{E935E246-6C67-4C04-B560-5932F23005D2}.Release|Any CPU.Build.0 = Release|Any CPU
		{D3803F07-F528-4A42-8F29-D82C5DEC879E}.Debug|Any CPU.ActiveCfg = Debug|Any CPU
		{D3803F07-F528-4A42-8F29-D82C5DEC879E}.Debug|Any CPU.Build.0 = Debug|Any CPU
		{D3803F07-F528-4A42-8F29-D82C5DEC879E}.Release|Any CPU.ActiveCfg = Release|Any CPU
		{D3803F07-F528-4A42-8F29-D82C5DEC879E}.Release|Any CPU.Build.0 = Release|Any CPU
	EndGlobalSection
	GlobalSection(SolutionProperties) = preSolution
		HideSolutionNode = FALSE
	EndGlobalSection
	GlobalSection(NestedProjects) = preSolution
		{72741BBA-D9E1-4C7C-BEE5-475361697B6E} = {C35BD7EB-5197-443F-9258-E923702B1671}
		{4B634E3D-E22D-44F7-B784-811FC190693C} = {C35BD7EB-5197-443F-9258-E923702B1671}
		{0BD15E6B-2E99-42A1-BA35-523ADDB314EA} = {C35BD7EB-5197-443F-9258-E923702B1671}
		{BDEDAC7E-05D3-4048-AF17-EB548A547A42} = {C35BD7EB-5197-443F-9258-E923702B1671}
		{E2C8150B-BEC8-4020-AE97-F7E2B2DE7B14} = {C35BD7EB-5197-443F-9258-E923702B1671}
		{921DCA52-FAED-47BC-BDF1-415673ACDC05} = {C35BD7EB-5197-443F-9258-E923702B1671}
		{C3AA3640-855E-4E1C-BEBF-45602922311F} = {1FE1A75C-67F8-4DAA-A900-5F549142DA92}
		{AC697A4C-F7D1-4AD3-B591-9B21E8934BAB} = {1FE1A75C-67F8-4DAA-A900-5F549142DA92}
		{41D29302-B2BE-4909-908E-A4C3A1DB4025} = {506A29D9-3CAE-4FC2-BF0A-BD7BFD35CDC5}
		{E935E246-6C67-4C04-B560-5932F23005D2} = {C2BC06C7-313E-499D-905B-AE6A2574C4C2}
		{D3803F07-F528-4A42-8F29-D82C5DEC879E} = {AB16D40F-CADC-42BD-B6DD-098EC3F5AE56}
	EndGlobalSection
	GlobalSection(ExtensibilityGlobals) = postSolution
		SolutionGuid = {4AEE7CD2-0397-47DB-AD5E-A30B69361311}
	EndGlobalSection
EndGlobal
